
Microsoft Visual Studio Solution File, Format Version 12.00
# Visual Studio 15
VisualStudioVersion = 15.0.28307.902
MinimumVisualStudioVersion = 10.0.40219.1
Project("{FAE04EC0-301F-11D3-BF4B-00C04F79EFBC}") = "ArrayNListsExercise", "ArrayNListsExercise\ArrayNListsExercise.csproj", "{970F620C-3152-4DB3-96FF-7229DBB8BD82}"
EndProject
Global
	GlobalSection(SolutionConfigurationPlatforms) = preSolution
		Debug|Any CPU = Debug|Any CPU
		Release|Any CPU = Release|Any CPU
	EndGlobalSection
	GlobalSection(ProjectConfigurationPlatforms) = postSolution
		{970F620C-3152-4DB3-96FF-7229DBB8BD82}.Debug|Any CPU.ActiveCfg = Debug|Any CPU
		{970F620C-3152-4DB3-96FF-7229DBB8BD82}.Debug|Any CPU.Build.0 = Debug|Any CPU
		{970F620C-3152-4DB3-96FF-7229DBB8BD82}.Release|Any CPU.ActiveCfg = Release|Any CPU
		{970F620C-3152-4DB3-96FF-7229DBB8BD82}.Release|Any CPU.Build.0 = Release|Any CPU
	EndGlobalSection
	GlobalSection(SolutionProperties) = preSolution
		HideSolutionNode = FALSE
	EndGlobalSection
	GlobalSection(ExtensibilityGlobals) = postSolution
		SolutionGuid = {DA7E14C9-6186-4124-8BF3-A7308596EB61}
	EndGlobalSection
EndGlobal
