
Microsoft Visual Studio Solution File, Format Version 12.00
# Visual Studio 15
VisualStudioVersion = 15.0.28307.902
MinimumVisualStudioVersion = 10.0.40219.1
Project("{FAE04EC0-301F-11D3-BF4B-00C04F79EFBC}") = "ClassExercise", "ClassExercise\ClassExercise.csproj", "{2F42C0AF-20F5-4A74-97F5-875FD9688030}"
EndProject
Global
	GlobalSection(SolutionConfigurationPlatforms) = preSolution
		Debug|Any CPU = Debug|Any CPU
		Release|Any CPU = Release|Any CPU
	EndGlobalSection
	GlobalSection(ProjectConfigurationPlatforms) = postSolution
		{2F42C0AF-20F5-4A74-97F5-875FD9688030}.Debug|Any CPU.ActiveCfg = Debug|Any CPU
		{2F42C0AF-20F5-4A74-97F5-875FD9688030}.Debug|Any CPU.Build.0 = Debug|Any CPU
		{2F42C0AF-20F5-4A74-97F5-875FD9688030}.Release|Any CPU.ActiveCfg = Release|Any CPU
		{2F42C0AF-20F5-4A74-97F5-875FD9688030}.Release|Any CPU.Build.0 = Release|Any CPU
	EndGlobalSection
	GlobalSection(SolutionProperties) = preSolution
		HideSolutionNode = FALSE
	EndGlobalSection
	GlobalSection(ExtensibilityGlobals) = postSolution
		SolutionGuid = {6B3128EF-8812-47EC-9B81-D31845B859D9}
	EndGlobalSection
EndGlobal
